dependencies:
- name: postgresql
  repository: https://kubernetes-charts.storage.googleapis.com/
  version: 0.9.5
- name: kafka
  repository: https://kubernetes-charts-incubator.storage.googleapis.com/
  version: 0.4.7
- name: redis
  repository: https://kubernetes-charts.storage.googleapis.com/
  version: 1.2.0
digest: sha256:04017ebd43547fea1f5d429d2d9f49f42794003db32ecf845ab5fb7cadabfe3c
generated: 2018-04-05T16:47:58.280739309+03:00
